// !$*UTF8*$!
{
	archiveVersion = 1;
	classes = {
	};
	objectVersion = 46;
	objects = {

/* Begin PBXBuildFile section */
		37513873178DEBAFBD90A8B6 /* Pods_First_App.framework in Frameworks */ = {isa = PBXBuildFile; fileRef = D2BEE1C1032A40F6F4E39477 /* Pods_First_App.framework */; };
		43FDDCDEEC578D2C8EA27942 /* Pods_First_AppTests.framework in Frameworks */ = {isa = PBXBuildFile; fileRef = 46412E24658EFF47E01CC3AF /* Pods_First_AppTests.framework */; };
		7102493A1EADEABE00B872B8 /* main.m in Sources */ = {isa = PBXBuildFile; fileRef = 710249391EADEABE00B872B8 /* main.m */; };
		7102493D1EADEABE00B872B8 /* AppDelegate.m in Sources */ = {isa = PBXBuildFile; fileRef = 7102493C1EADEABE00B872B8 /* AppDelegate.m */; };
		710249401EADEABE00B872B8 /* ListViewController.m in Sources */ = {isa = PBXBuildFile; fileRef = 7102493F1EADEABE00B872B8 /* ListViewController.m */; };
		710249431EADEABF00B872B8 /* Main.storyboard in Resources */ = {isa = PBXBuildFile; fileRef = 710249411EADEABF00B872B8 /* Main.storyboard */; };
		710249451EADEABF00B872B8 /* Assets.xcassets in Resources */ = {isa = PBXBuildFile; fileRef = 710249441EADEABF00B872B8 /* Assets.xcassets */; };
		710249481EADEABF00B872B8 /* LaunchScreen.storyboard in Resources */ = {isa = PBXBuildFile; fileRef = 710249461EADEABF00B872B8 /* LaunchScreen.storyboard */; };
		710249531EADEABF00B872B8 /* First_AppTests.m in Sources */ = {isa = PBXBuildFile; fileRef = 710249521EADEABF00B872B8 /* First_AppTests.m */; };
		7102495E1EADEABF00B872B8 /* First_AppUITests.m in Sources */ = {isa = PBXBuildFile; fileRef = 7102495D1EADEABF00B872B8 /* First_AppUITests.m */; };
		713F21B21EB2CDD80082E3A0 /* ItemSummaryTableViewCell.m in Sources */ = {isa = PBXBuildFile; fileRef = 713F21B11EB2CDD80082E3A0 /* ItemSummaryTableViewCell.m */; };
		713F21B81EB2D7790082E3A0 /* ItemDetailHeaderView.m in Sources */ = {isa = PBXBuildFile; fileRef = 713F21B71EB2D7790082E3A0 /* ItemDetailHeaderView.m */; };
		713F21BB1EB2F54B0082E3A0 /* RatingOptionTableViewCell.m in Sources */ = {isa = PBXBuildFile; fileRef = 713F21BA1EB2F54B0082E3A0 /* RatingOptionTableViewCell.m */; };
		713F21BE1EB3342A0082E3A0 /* RatingStarTableViewCell.m in Sources */ = {isa = PBXBuildFile; fileRef = 713F21BD1EB3342A0082E3A0 /* RatingStarTableViewCell.m */; };
		7154106B1EAEDC9A001D95B1 /* ItemTableViewCell.m in Sources */ = {isa = PBXBuildFile; fileRef = 7154106A1EAEDC9A001D95B1 /* ItemTableViewCell.m */; };
		7159B2A81EB1D9CC00BE67ED /* DetailViewController.m in Sources */ = {isa = PBXBuildFile; fileRef = 7159B2A71EB1D9CC00BE67ED /* DetailViewController.m */; };
		7159B2AC1EB1E1FD00BE67ED /* ItemDetailTableViewCell.m in Sources */ = {isa = PBXBuildFile; fileRef = 7159B2AB1EB1E1FD00BE67ED /* ItemDetailTableViewCell.m */; };
		71AAA7341EAEFBB20054933D /* Item.m in Sources */ = {isa = PBXBuildFile; fileRef = 71AAA7331EAEFBB20054933D /* Item.m */; };
		71D94F371EB1CF9E00FEA6B4 /* APIReference.m in Sources */ = {isa = PBXBuildFile; fileRef = 71D94F361EB1CF9E00FEA6B4 /* APIReference.m */; };
		71E278851EB82CDE002B38DD /* FullRatingTableViewCell.m in Sources */ = {isa = PBXBuildFile; fileRef = 71E278841EB82CDE002B38DD /* FullRatingTableViewCell.m */; };
		A671C8DE7169B4A38D41F6AF /* Pods_First_AppUITests.framework in Frameworks */ = {isa = PBXBuildFile; fileRef = FBC7CCCA44C7B94AE3E27598 /* Pods_First_AppUITests.framework */; };
		BA5B32A07B9B7F593A15D1EE /* Pods_First_App_First_AppTests.framework in Frameworks */ = {isa = PBXBuildFile; fileRef = C37D28D193272A41C7730F0B /* Pods_First_App_First_AppTests.framework */; };
/* End PBXBuildFile section */

/* Begin PBXContainerItemProxy section */
		7102494F1EADEABF00B872B8 /* PBXContainerItemProxy */ = {
			isa = PBXContainerItemProxy;
			containerPortal = 7102492D1EADEABE00B872B8 /* Project object */;
			proxyType = 1;
			remoteGlobalIDString = 710249341EADEABE00B872B8;
			remoteInfo = "First App";
		};
		7102495A1EADEABF00B872B8 /* PBXContainerItemProxy */ = {
			isa = PBXContainerItemProxy;
			containerPortal = 7102492D1EADEABE00B872B8 /* Project object */;
			proxyType = 1;
			remoteGlobalIDString = 710249341EADEABE00B872B8;
			remoteInfo = "First App";
		};
/* End PBXContainerItemProxy section */

/* Begin PBXFileReference section */
		3C5F04A829CB5AF8300A37B2 /* Pods-First AppTests.debug.xcconfig */ = {isa = PBXFileReference; includeInIndex = 1; lastKnownFileType = text.xcconfig; name = "Pods-First AppTests.debug.xcconfig"; path = "Pods/Target Support Files/Pods-First AppTests/Pods-First AppTests.debug.xcconfig"; sourceTree = "<group>"; };
		438D37B11923EAEC24BF9B27 /* Pods-First App.release.xcconfig */ = {isa = PBXFileReference; includeInIndex = 1; lastKnownFileType = text.xcconfig; name = "Pods-First App.release.xcconfig"; path = "Pods/Target Support Files/Pods-First App/Pods-First App.release.xcconfig"; sourceTree = "<group>"; };
		46412E24658EFF47E01CC3AF /* Pods_First_AppTests.framework */ = {isa = PBXFileReference; explicitFileType = wrapper.framework; includeInIndex = 0; path = Pods_First_AppTests.framework; sourceTree = BUILT_PRODUCTS_DIR; };
		69D6AACD5D052070F479F75E /* Pods-First App-First AppTests.debug.xcconfig */ = {isa = PBXFileReference; includeInIndex = 1; lastKnownFileType = text.xcconfig; name = "Pods-First App-First AppTests.debug.xcconfig"; path = "Pods/Target Support Files/Pods-First App-First AppTests/Pods-First App-First AppTests.debug.xcconfig"; sourceTree = "<group>"; };
		710249351EADEABE00B872B8 /* First App.app */ = {isa = PBXFileReference; explicitFileType = wrapper.application; includeInIndex = 0; path = "First App.app"; sourceTree = BUILT_PRODUCTS_DIR; };
		710249391EADEABE00B872B8 /* main.m */ = {isa = PBXFileReference; lastKnownFileType = sourcecode.c.objc; path = main.m; sourceTree = "<group>"; };
		7102493B1EADEABE00B872B8 /* AppDelegate.h */ = {isa = PBXFileReference; lastKnownFileType = sourcecode.c.h; path = AppDelegate.h; sourceTree = "<group>"; };
		7102493C1EADEABE00B872B8 /* AppDelegate.m */ = {isa = PBXFileReference; lastKnownFileType = sourcecode.c.objc; path = AppDelegate.m; sourceTree = "<group>"; };
		7102493E1EADEABE00B872B8 /* ListViewController.h */ = {isa = PBXFileReference; lastKnownFileType = sourcecode.c.h; name = ListViewController.h; path = "First App/ListViewController.h"; sourceTree = "<group>"; };
		7102493F1EADEABE00B872B8 /* ListViewController.m */ = {isa = PBXFileReference; lastKnownFileType = sourcecode.c.objc; lineEnding = 0; name = ListViewController.m; path = "First App/ListViewController.m"; sourceTree = "<group>"; xcLanguageSpecificationIdentifier = xcode.lang.objc; };
		710249421EADEABF00B872B8 /* Base */ = {isa = PBXFileReference; lastKnownFileType = file.storyboard; name = Base; path = Base.lproj/Main.storyboard; sourceTree = "<group>"; };
		710249441EADEABF00B872B8 /* Assets.xcassets */ = {isa = PBXFileReference; lastKnownFileType = folder.assetcatalog; path = Assets.xcassets; sourceTree = "<group>"; };
		710249471EADEABF00B872B8 /* Base */ = {isa = PBXFileReference; lastKnownFileType = file.storyboard; name = Base; path = Base.lproj/LaunchScreen.storyboard; sourceTree = "<group>"; };
		710249491EADEABF00B872B8 /* Info.plist */ = {isa = PBXFileReference; lastKnownFileType = text.plist.xml; path = Info.plist; sourceTree = "<group>"; };
		7102494E1EADEABF00B872B8 /* First AppTests.xctest */ = {isa = PBXFileReference; explicitFileType = wrapper.cfbundle; includeInIndex = 0; path = "First AppTests.xctest"; sourceTree = BUILT_PRODUCTS_DIR; };
		710249521EADEABF00B872B8 /* First_AppTests.m */ = {isa = PBXFileReference; lastKnownFileType = sourcecode.c.objc; path = First_AppTests.m; sourceTree = "<group>"; };
		710249541EADEABF00B872B8 /* Info.plist */ = {isa = PBXFileReference; lastKnownFileType = text.plist.xml; path = Info.plist; sourceTree = "<group>"; };
		710249591EADEABF00B872B8 /* First AppUITests.xctest */ = {isa = PBXFileReference; explicitFileType = wrapper.cfbundle; includeInIndex = 0; path = "First AppUITests.xctest"; sourceTree = BUILT_PRODUCTS_DIR; };
		7102495D1EADEABF00B872B8 /* First_AppUITests.m */ = {isa = PBXFileReference; lastKnownFileType = sourcecode.c.objc; path = First_AppUITests.m; sourceTree = "<group>"; };
		7102495F1EADEABF00B872B8 /* Info.plist */ = {isa = PBXFileReference; lastKnownFileType = text.plist.xml; path = Info.plist; sourceTree = "<group>"; };
		713F21B01EB2CDD80082E3A0 /* ItemSummaryTableViewCell.h */ = {isa = PBXFileReference; fileEncoding = 4; lastKnownFileType = sourcecode.c.h; name = ItemSummaryTableViewCell.h; path = DetailTableViewCell/ItemSummaryTableViewCell.h; sourceTree = "<group>"; };
		713F21B11EB2CDD80082E3A0 /* ItemSummaryTableViewCell.m */ = {isa = PBXFileReference; fileEncoding = 4; lastKnownFileType = sourcecode.c.objc; name = ItemSummaryTableViewCell.m; path = DetailTableViewCell/ItemSummaryTableViewCell.m; sourceTree = "<group>"; };
		713F21B61EB2D7790082E3A0 /* ItemDetailHeaderView.h */ = {isa = PBXFileReference; fileEncoding = 4; lastKnownFileType = sourcecode.c.h; name = ItemDetailHeaderView.h; path = DetailTableViewCell/ItemDetailHeaderView.h; sourceTree = "<group>"; };
		713F21B71EB2D7790082E3A0 /* ItemDetailHeaderView.m */ = {isa = PBXFileReference; fileEncoding = 4; lastKnownFileType = sourcecode.c.objc; name = ItemDetailHeaderView.m; path = DetailTableViewCell/ItemDetailHeaderView.m; sourceTree = "<group>"; };
		713F21B91EB2F54B0082E3A0 /* RatingOptionTableViewCell.h */ = {isa = PBXFileReference; fileEncoding = 4; lastKnownFileType = sourcecode.c.h; name = RatingOptionTableViewCell.h; path = DetailTableViewCell/RatingOptionTableViewCell.h; sourceTree = "<group>"; };
		713F21BA1EB2F54B0082E3A0 /* RatingOptionTableViewCell.m */ = {isa = PBXFileReference; fileEncoding = 4; lastKnownFileType = sourcecode.c.objc; name = RatingOptionTableViewCell.m; path = DetailTableViewCell/RatingOptionTableViewCell.m; sourceTree = "<group>"; };
		713F21BC1EB3342A0082E3A0 /* RatingStarTableViewCell.h */ = {isa = PBXFileReference; fileEncoding = 4; lastKnownFileType = sourcecode.c.h; name = RatingStarTableViewCell.h; path = DetailTableViewCell/RatingStarTableViewCell.h; sourceTree = "<group>"; };
		713F21BD1EB3342A0082E3A0 /* RatingStarTableViewCell.m */ = {isa = PBXFileReference; fileEncoding = 4; lastKnownFileType = sourcecode.c.objc; name = RatingStarTableViewCell.m; path = DetailTableViewCell/RatingStarTableViewCell.m; sourceTree = "<group>"; };
		715410691EAEDC9A001D95B1 /* ItemTableViewCell.h */ = {isa = PBXFileReference; fileEncoding = 4; lastKnownFileType = sourcecode.c.h; lineEnding = 0; path = ItemTableViewCell.h; sourceTree = "<group>"; xcLanguageSpecificationIdentifier = xcode.lang.objcpp; };
		7154106A1EAEDC9A001D95B1 /* ItemTableViewCell.m */ = {isa = PBXFileReference; fileEncoding = 4; lastKnownFileType = sourcecode.c.objc; lineEnding = 0; path = ItemTableViewCell.m; sourceTree = "<group>"; xcLanguageSpecificationIdentifier = xcode.lang.objc; };
		7154106C1EAEEF25001D95B1 /* Security.framework */ = {isa = PBXFileReference; lastKnownFileType = wrapper.framework; name = Security.framework; path = System/Library/Frameworks/Security.framework; sourceTree = SDKROOT; };
		7159B2A61EB1D9CC00BE67ED /* DetailViewController.h */ = {isa = PBXFileReference; fileEncoding = 4; lastKnownFileType = sourcecode.c.h; path = DetailViewController.h; sourceTree = "<group>"; };
		7159B2A71EB1D9CC00BE67ED /* DetailViewController.m */ = {isa = PBXFileReference; fileEncoding = 4; lastKnownFileType = sourcecode.c.objc; path = DetailViewController.m; sourceTree = "<group>"; };
		7159B2AA1EB1E1FD00BE67ED /* ItemDetailTableViewCell.h */ = {isa = PBXFileReference; fileEncoding = 4; lastKnownFileType = sourcecode.c.h; name = ItemDetailTableViewCell.h; path = DetailTableViewCell/ItemDetailTableViewCell.h; sourceTree = "<group>"; };
		7159B2AB1EB1E1FD00BE67ED /* ItemDetailTableViewCell.m */ = {isa = PBXFileReference; fileEncoding = 4; lastKnownFileType = sourcecode.c.objc; name = ItemDetailTableViewCell.m; path = DetailTableViewCell/ItemDetailTableViewCell.m; sourceTree = "<group>"; };
		71AAA7321EAEFBB20054933D /* Item.h */ = {isa = PBXFileReference; fileEncoding = 4; lastKnownFileType = sourcecode.c.h; path = Item.h; sourceTree = "<group>"; };
		71AAA7331EAEFBB20054933D /* Item.m */ = {isa = PBXFileReference; fileEncoding = 4; lastKnownFileType = sourcecode.c.objc; path = Item.m; sourceTree = "<group>"; };
		71D94F341EB1CF5400FEA6B4 /* Global.h */ = {isa = PBXFileReference; lastKnownFileType = sourcecode.c.h; path = Global.h; sourceTree = "<group>"; };
		71D94F351EB1CF9E00FEA6B4 /* APIReference.h */ = {isa = PBXFileReference; fileEncoding = 4; lastKnownFileType = sourcecode.c.h; path = APIReference.h; sourceTree = "<group>"; };
		71D94F361EB1CF9E00FEA6B4 /* APIReference.m */ = {isa = PBXFileReference; fileEncoding = 4; lastKnownFileType = sourcecode.c.objc; path = APIReference.m; sourceTree = "<group>"; };
		71E278831EB82CDE002B38DD /* FullRatingTableViewCell.h */ = {isa = PBXFileReference; fileEncoding = 4; lastKnownFileType = sourcecode.c.h; name = FullRatingTableViewCell.h; path = DetailTableViewCell/FullRatingTableViewCell.h; sourceTree = "<group>"; };
		71E278841EB82CDE002B38DD /* FullRatingTableViewCell.m */ = {isa = PBXFileReference; fileEncoding = 4; lastKnownFileType = sourcecode.c.objc; name = FullRatingTableViewCell.m; path = DetailTableViewCell/FullRatingTableViewCell.m; sourceTree = "<group>"; };
		75E2F857D1E27EC036209804 /* Pods-First App-First AppTests.release.xcconfig */ = {isa = PBXFileReference; includeInIndex = 1; lastKnownFileType = text.xcconfig; name = "Pods-First App-First AppTests.release.xcconfig"; path = "Pods/Target Support Files/Pods-First App-First AppTests/Pods-First App-First AppTests.release.xcconfig"; sourceTree = "<group>"; };
		A27815480DD823DF681F9B29 /* Pods-First AppUITests.debug.xcconfig */ = {isa = PBXFileReference; includeInIndex = 1; lastKnownFileType = text.xcconfig; name = "Pods-First AppUITests.debug.xcconfig"; path = "Pods/Target Support Files/Pods-First AppUITests/Pods-First AppUITests.debug.xcconfig"; sourceTree = "<group>"; };
		A499AA69822447A71ABE4CE1 /* Pods-First AppTests.release.xcconfig */ = {isa = PBXFileReference; includeInIndex = 1; lastKnownFileType = text.xcconfig; name = "Pods-First AppTests.release.xcconfig"; path = "Pods/Target Support Files/Pods-First AppTests/Pods-First AppTests.release.xcconfig"; sourceTree = "<group>"; };
		C37D28D193272A41C7730F0B /* Pods_First_App_First_AppTests.framework */ = {isa = PBXFileReference; explicitFileType = wrapper.framework; includeInIndex = 0; path = Pods_First_App_First_AppTests.framework; sourceTree = BUILT_PRODUCTS_DIR; };
		C9497D1CC73FA9E6162C3180 /* Pods-First App.debug.xcconfig */ = {isa = PBXFileReference; includeInIndex = 1; lastKnownFileType = text.xcconfig; name = "Pods-First App.debug.xcconfig"; path = "Pods/Target Support Files/Pods-First App/Pods-First App.debug.xcconfig"; sourceTree = "<group>"; };
		D2BEE1C1032A40F6F4E39477 /* Pods_First_App.framework */ = {isa = PBXFileReference; explicitFileType = wrapper.framework; includeInIndex = 0; path = Pods_First_App.framework; sourceTree = BUILT_PRODUCTS_DIR; };
		D2EF192D911F4CD548AAE024 /* Pods-First AppUITests.release.xcconfig */ = {isa = PBXFileReference; includeInIndex = 1; lastKnownFileType = text.xcconfig; name = "Pods-First AppUITests.release.xcconfig"; path = "Pods/Target Support Files/Pods-First AppUITests/Pods-First AppUITests.release.xcconfig"; sourceTree = "<group>"; };
		FBC7CCCA44C7B94AE3E27598 /* Pods_First_AppUITests.framework */ = {isa = PBXFileReference; explicitFileType = wrapper.framework; includeInIndex = 0; path = Pods_First_AppUITests.framework; sourceTree = BUILT_PRODUCTS_DIR; };
/* End PBXFileReference section */

/* Begin PBXFrameworksBuildPhase section */
		710249321EADEABE00B872B8 /* Frameworks */ = {
			isa = PBXFrameworksBuildPhase;
			buildActionMask = 2147483647;
			files = (
				37513873178DEBAFBD90A8B6 /* Pods_First_App.framework in Frameworks */,
			);
			runOnlyForDeploymentPostprocessing = 0;
		};
		7102494B1EADEABF00B872B8 /* Frameworks */ = {
			isa = PBXFrameworksBuildPhase;
			buildActionMask = 2147483647;
			files = (
				BA5B32A07B9B7F593A15D1EE /* Pods_First_App_First_AppTests.framework in Frameworks */,
				43FDDCDEEC578D2C8EA27942 /* Pods_First_AppTests.framework in Frameworks */,
			);
			runOnlyForDeploymentPostprocessing = 0;
		};
		710249561EADEABF00B872B8 /* Frameworks */ = {
			isa = PBXFrameworksBuildPhase;
			buildActionMask = 2147483647;
			files = (
				A671C8DE7169B4A38D41F6AF /* Pods_First_AppUITests.framework in Frameworks */,
			);
			runOnlyForDeploymentPostprocessing = 0;
		};
/* End PBXFrameworksBuildPhase section */

/* Begin PBXGroup section */
		680F667E4B9A5C1CF99F6A48 /* Frameworks */ = {
			isa = PBXGroup;
			children = (
				7154106C1EAEEF25001D95B1 /* Security.framework */,
				D2BEE1C1032A40F6F4E39477 /* Pods_First_App.framework */,
				C37D28D193272A41C7730F0B /* Pods_First_App_First_AppTests.framework */,
				FBC7CCCA44C7B94AE3E27598 /* Pods_First_AppUITests.framework */,
				46412E24658EFF47E01CC3AF /* Pods_First_AppTests.framework */,
			);
			name = Frameworks;
			sourceTree = "<group>";
		};
		7102492C1EADEABE00B872B8 = {
			isa = PBXGroup;
			children = (
				710249371EADEABE00B872B8 /* First App */,
				710249511EADEABF00B872B8 /* First AppTests */,
				7102495C1EADEABF00B872B8 /* First AppUITests */,
				710249361EADEABE00B872B8 /* Products */,
				D9891687CD9C7F06D636BBE9 /* Pods */,
				680F667E4B9A5C1CF99F6A48 /* Frameworks */,
			);
			sourceTree = "<group>";
		};
		710249361EADEABE00B872B8 /* Products */ = {
			isa = PBXGroup;
			children = (
				710249351EADEABE00B872B8 /* First App.app */,
				7102494E1EADEABF00B872B8 /* First AppTests.xctest */,
				710249591EADEABF00B872B8 /* First AppUITests.xctest */,
			);
			name = Products;
			sourceTree = "<group>";
		};
		710249371EADEABE00B872B8 /* First App */ = {
			isa = PBXGroup;
			children = (
				7159B2A91EB1E19B00BE67ED /* DetailTableViewCell */,
				7159B2A51EB1D99B00BE67ED /* DetailViewController */,
				7159B2A41EB1D86400BE67ED /* ListViewController */,
				71D94F331EB1CE5900FEA6B4 /* ItemModel */,
				71D94F321EB1CDED00FEA6B4 /* ItemTableViewCell */,
				7102493B1EADEABE00B872B8 /* AppDelegate.h */,
				7102493C1EADEABE00B872B8 /* AppDelegate.m */,
				710249411EADEABF00B872B8 /* Main.storyboard */,
				710249441EADEABF00B872B8 /* Assets.xcassets */,
				710249461EADEABF00B872B8 /* LaunchScreen.storyboard */,
				710249491EADEABF00B872B8 /* Info.plist */,
				710249381EADEABE00B872B8 /* Supporting Files */,
			);
			path = "First App";
			sourceTree = "<group>";
		};
		710249381EADEABE00B872B8 /* Supporting Files */ = {
			isa = PBXGroup;
			children = (
				710249391EADEABE00B872B8 /* main.m */,
				71D94F341EB1CF5400FEA6B4 /* Global.h */,
				71D94F351EB1CF9E00FEA6B4 /* APIReference.h */,
				71D94F361EB1CF9E00FEA6B4 /* APIReference.m */,
			);
			name = "Supporting Files";
			sourceTree = "<group>";
		};
		710249511EADEABF00B872B8 /* First AppTests */ = {
			isa = PBXGroup;
			children = (
				710249521EADEABF00B872B8 /* First_AppTests.m */,
				710249541EADEABF00B872B8 /* Info.plist */,
			);
			path = "First AppTests";
			sourceTree = "<group>";
		};
		7102495C1EADEABF00B872B8 /* First AppUITests */ = {
			isa = PBXGroup;
			children = (
				7102495D1EADEABF00B872B8 /* First_AppUITests.m */,
				7102495F1EADEABF00B872B8 /* Info.plist */,
			);
			path = "First AppUITests";
			sourceTree = "<group>";
		};
		7159B2A41EB1D86400BE67ED /* ListViewController */ = {
			isa = PBXGroup;
			children = (
				7102493E1EADEABE00B872B8 /* ListViewController.h */,
				7102493F1EADEABE00B872B8 /* ListViewController.m */,
			);
			name = ListViewController;
			path = ..;
			sourceTree = "<group>";
		};
		7159B2A51EB1D99B00BE67ED /* DetailViewController */ = {
			isa = PBXGroup;
			children = (
				7159B2A61EB1D9CC00BE67ED /* DetailViewController.h */,
				7159B2A71EB1D9CC00BE67ED /* DetailViewController.m */,
			);
			name = DetailViewController;
			sourceTree = "<group>";
		};
		7159B2A91EB1E19B00BE67ED /* DetailTableViewCell */ = {
			isa = PBXGroup;
			children = (
				7159B2AA1EB1E1FD00BE67ED /* ItemDetailTableViewCell.h */,
				7159B2AB1EB1E1FD00BE67ED /* ItemDetailTableViewCell.m */,
				713F21B01EB2CDD80082E3A0 /* ItemSummaryTableViewCell.h */,
				713F21B11EB2CDD80082E3A0 /* ItemSummaryTableViewCell.m */,
				713F21B61EB2D7790082E3A0 /* ItemDetailHeaderView.h */,
				713F21B71EB2D7790082E3A0 /* ItemDetailHeaderView.m */,
				713F21B91EB2F54B0082E3A0 /* RatingOptionTableViewCell.h */,
				713F21BA1EB2F54B0082E3A0 /* RatingOptionTableViewCell.m */,
				713F21BC1EB3342A0082E3A0 /* RatingStarTableViewCell.h */,
				713F21BD1EB3342A0082E3A0 /* RatingStarTableViewCell.m */,
				71E278831EB82CDE002B38DD /* FullRatingTableViewCell.h */,
				71E278841EB82CDE002B38DD /* FullRatingTableViewCell.m */,
			);
			name = DetailTableViewCell;
			sourceTree = "<group>";
		};
		71D94F321EB1CDED00FEA6B4 /* ItemTableViewCell */ = {
			isa = PBXGroup;
			children = (
				715410691EAEDC9A001D95B1 /* ItemTableViewCell.h */,
				7154106A1EAEDC9A001D95B1 /* ItemTableViewCell.m */,
			);
			name = ItemTableViewCell;
			sourceTree = "<group>";
		};
		71D94F331EB1CE5900FEA6B4 /* ItemModel */ = {
			isa = PBXGroup;
			children = (
				71AAA7321EAEFBB20054933D /* Item.h */,
				71AAA7331EAEFBB20054933D /* Item.m */,
			);
			name = ItemModel;
			sourceTree = "<group>";
		};
		D9891687CD9C7F06D636BBE9 /* Pods */ = {
			isa = PBXGroup;
			children = (
				C9497D1CC73FA9E6162C3180 /* Pods-First App.debug.xcconfig */,
				438D37B11923EAEC24BF9B27 /* Pods-First App.release.xcconfig */,
				69D6AACD5D052070F479F75E /* Pods-First App-First AppTests.debug.xcconfig */,
				75E2F857D1E27EC036209804 /* Pods-First App-First AppTests.release.xcconfig */,
				A27815480DD823DF681F9B29 /* Pods-First AppUITests.debug.xcconfig */,
				D2EF192D911F4CD548AAE024 /* Pods-First AppUITests.release.xcconfig */,
				3C5F04A829CB5AF8300A37B2 /* Pods-First AppTests.debug.xcconfig */,
				A499AA69822447A71ABE4CE1 /* Pods-First AppTests.release.xcconfig */,
			);
			name = Pods;
			sourceTree = "<group>";
		};
/* End PBXGroup section */

/* Begin PBXNativeTarget section */
		710249341EADEABE00B872B8 /* First App */ = {
			isa = PBXNativeTarget;
			buildConfigurationList = 710249621EADEABF00B872B8 /* Build configuration list for PBXNativeTarget "First App" */;
			buildPhases = (
				61C46D4ACAF0BB16D9A8344D /* [CP] Check Pods Manifest.lock */,
				710249311EADEABE00B872B8 /* Sources */,
				710249321EADEABE00B872B8 /* Frameworks */,
				710249331EADEABE00B872B8 /* Resources */,
				0956CE447874A3054732DD4F /* [CP] Embed Pods Frameworks */,
				5B682BFDC57F852956E2431C /* [CP] Copy Pods Resources */,
			);
			buildRules = (
			);
			dependencies = (
			);
			name = "First App";
			productName = "First App";
			productReference = 710249351EADEABE00B872B8 /* First App.app */;
			productType = "com.apple.product-type.application";
		};
		7102494D1EADEABF00B872B8 /* First AppTests */ = {
			isa = PBXNativeTarget;
			buildConfigurationList = 710249651EADEABF00B872B8 /* Build configuration list for PBXNativeTarget "First AppTests" */;
			buildPhases = (
				91C9A5144853F5C28E18BE39 /* [CP] Check Pods Manifest.lock */,
				7102494A1EADEABF00B872B8 /* Sources */,
				7102494B1EADEABF00B872B8 /* Frameworks */,
				7102494C1EADEABF00B872B8 /* Resources */,
				AB34EF509EDBDBDF2161F799 /* [CP] Embed Pods Frameworks */,
				C04B230832576645636E924C /* [CP] Copy Pods Resources */,
			);
			buildRules = (
			);
			dependencies = (
				710249501EADEABF00B872B8 /* PBXTargetDependency */,
			);
			name = "First AppTests";
			productName = "First AppTests";
			productReference = 7102494E1EADEABF00B872B8 /* First AppTests.xctest */;
			productType = "com.apple.product-type.bundle.unit-test";
		};
		710249581EADEABF00B872B8 /* First AppUITests */ = {
			isa = PBXNativeTarget;
			buildConfigurationList = 710249681EADEABF00B872B8 /* Build configuration list for PBXNativeTarget "First AppUITests" */;
			buildPhases = (
				87FAC41CF2429AF24AA5A310 /* [CP] Check Pods Manifest.lock */,
				710249551EADEABF00B872B8 /* Sources */,
				710249561EADEABF00B872B8 /* Frameworks */,
				710249571EADEABF00B872B8 /* Resources */,
				9614FEFC4C4BECC48ACBA5B6 /* [CP] Embed Pods Frameworks */,
				99382B72364D087EA79FB9B8 /* [CP] Copy Pods Resources */,
			);
			buildRules = (
			);
			dependencies = (
				7102495B1EADEABF00B872B8 /* PBXTargetDependency */,
			);
			name = "First AppUITests";
			productName = "First AppUITests";
			productReference = 710249591EADEABF00B872B8 /* First AppUITests.xctest */;
			productType = "com.apple.product-type.bundle.ui-testing";
		};
/* End PBXNativeTarget section */

/* Begin PBXProject section */
		7102492D1EADEABE00B872B8 /* Project object */ = {
			isa = PBXProject;
			attributes = {
				LastUpgradeCheck = 0830;
				ORGANIZATIONNAME = luthertsai;
				TargetAttributes = {
					710249341EADEABE00B872B8 = {
						CreatedOnToolsVersion = 8.3.2;
						ProvisioningStyle = Automatic;
					};
					7102494D1EADEABF00B872B8 = {
						CreatedOnToolsVersion = 8.3.2;
						ProvisioningStyle = Automatic;
						TestTargetID = 710249341EADEABE00B872B8;
					};
					710249581EADEABF00B872B8 = {
						CreatedOnToolsVersion = 8.3.2;
						ProvisioningStyle = Automatic;
						TestTargetID = 710249341EADEABE00B872B8;
					};
				};
			};
			buildConfigurationList = 710249301EADEABE00B872B8 /* Build configuration list for PBXProject "First App" */;
			compatibilityVersion = "Xcode 3.2";
			developmentRegion = English;
			hasScannedForEncodings = 0;
			knownRegions = (
				en,
				Base,
			);
			mainGroup = 7102492C1EADEABE00B872B8;
			productRefGroup = 710249361EADEABE00B872B8 /* Products */;
			projectDirPath = "";
			projectRoot = "";
			targets = (
				710249341EADEABE00B872B8 /* First App */,
				7102494D1EADEABF00B872B8 /* First AppTests */,
				710249581EADEABF00B872B8 /* First AppUITests */,
			);
		};
/* End PBXProject section */

/* Begin PBXResourcesBuildPhase section */
		710249331EADEABE00B872B8 /* Resources */ = {
			isa = PBXResourcesBuildPhase;
			buildActionMask = 2147483647;
			files = (
				710249481EADEABF00B872B8 /* LaunchScreen.storyboard in Resources */,
				710249451EADEABF00B872B8 /* Assets.xcassets in Resources */,
				710249431EADEABF00B872B8 /* Main.storyboard in Resources */,
			);
			runOnlyForDeploymentPostprocessing = 0;
		};
		7102494C1EADEABF00B872B8 /* Resources */ = {
			isa = PBXResourcesBuildPhase;
			buildActionMask = 2147483647;
			files = (
			);
			runOnlyForDeploymentPostprocessing = 0;
		};
		710249571EADEABF00B872B8 /* Resources */ = {
			isa = PBXResourcesBuildPhase;
			buildActionMask = 2147483647;
			files = (
			);
			runOnlyForDeploymentPostprocessing = 0;
		};
/* End PBXResourcesBuildPhase section */

/* Begin PBXShellScriptBuildPhase section */
		0956CE447874A3054732DD4F /* [CP] Embed Pods Frameworks */ = {
			isa = PBXShellScriptBuildPhase;
			buildActionMask = 2147483647;
			files = (
			);
			inputPaths = (
			);
			name = "[CP] Embed Pods Frameworks";
			outputPaths = (
			);
			runOnlyForDeploymentPostprocessing = 0;
			shellPath = /bin/sh;
			shellScript = "\"${SRCROOT}/Pods/Target Support Files/Pods-First App/Pods-First App-frameworks.sh\"\n";
			showEnvVarsInLog = 0;
		};
		5B682BFDC57F852956E2431C /* [CP] Copy Pods Resources */ = {
			isa = PBXShellScriptBuildPhase;
			buildActionMask = 2147483647;
			files = (
			);
			inputPaths = (
			);
			name = "[CP] Copy Pods Resources";
			outputPaths = (
			);
			runOnlyForDeploymentPostprocessing = 0;
			shellPath = /bin/sh;
			shellScript = "\"${SRCROOT}/Pods/Target Support Files/Pods-First App/Pods-First App-resources.sh\"\n";
			showEnvVarsInLog = 0;
		};
		61C46D4ACAF0BB16D9A8344D /* [CP] Check Pods Manifest.lock */ = {
			isa = PBXShellScriptBuildPhase;
			buildActionMask = 2147483647;
			files = (
			);
			inputPaths = (
			);
			name = "[CP] Check Pods Manifest.lock";
			outputPaths = (
			);
			runOnlyForDeploymentPostprocessing = 0;
			shellPath = /bin/sh;
			shellScript = "diff \"${PODS_PODFILE_DIR_PATH}/Podfile.lock\" \"${PODS_ROOT}/Manifest.lock\" > /dev/null\nif [ $? != 0 ] ; then\n    # print error to STDERR\n    echo \"error: The sandbox is not in sync with the Podfile.lock. Run 'pod install' or update your CocoaPods installation.\" >&2\n    exit 1\nfi\n";
			showEnvVarsInLog = 0;
		};
		87FAC41CF2429AF24AA5A310 /* [CP] Check Pods Manifest.lock */ = {
			isa = PBXShellScriptBuildPhase;
			buildActionMask = 2147483647;
			files = (
			);
			inputPaths = (
			);
			name = "[CP] Check Pods Manifest.lock";
			outputPaths = (
			);
			runOnlyForDeploymentPostprocessing = 0;
			shellPath = /bin/sh;
			shellScript = "diff \"${PODS_PODFILE_DIR_PATH}/Podfile.lock\" \"${PODS_ROOT}/Manifest.lock\" > /dev/null\nif [ $? != 0 ] ; then\n    # print error to STDERR\n    echo \"error: The sandbox is not in sync with the Podfile.lock. Run 'pod install' or update your CocoaPods installation.\" >&2\n    exit 1\nfi\n";
			showEnvVarsInLog = 0;
		};
		91C9A5144853F5C28E18BE39 /* [CP] Check Pods Manifest.lock */ = {
			isa = PBXShellScriptBuildPhase;
			buildActionMask = 2147483647;
			files = (
			);
			inputPaths = (
			);
			name = "[CP] Check Pods Manifest.lock";
			outputPaths = (
			);
			runOnlyForDeploymentPostprocessing = 0;
			shellPath = /bin/sh;
			shellScript = "diff \"${PODS_PODFILE_DIR_PATH}/Podfile.lock\" \"${PODS_ROOT}/Manifest.lock\" > /dev/null\nif [ $? != 0 ] ; then\n    # print error to STDERR\n    echo \"error: The sandbox is not in sync with the Podfile.lock. Run 'pod install' or update your CocoaPods installation.\" >&2\n    exit 1\nfi\n";
			showEnvVarsInLog = 0;
		};
		9614FEFC4C4BECC48ACBA5B6 /* [CP] Embed Pods Frameworks */ = {
			isa = PBXShellScriptBuildPhase;
			buildActionMask = 2147483647;
			files = (
			);
			inputPaths = (
			);
			name = "[CP] Embed Pods Frameworks";
			outputPaths = (
			);
			runOnlyForDeploymentPostprocessing = 0;
			shellPath = /bin/sh;
			shellScript = "\"${SRCROOT}/Pods/Target Support Files/Pods-First AppUITests/Pods-First AppUITests-frameworks.sh\"\n";
			showEnvVarsInLog = 0;
		};
		99382B72364D087EA79FB9B8 /* [CP] Copy Pods Resources */ = {
			isa = PBXShellScriptBuildPhase;
			buildActionMask = 2147483647;
			files = (
			);
			inputPaths = (
			);
			name = "[CP] Copy Pods Resources";
			outputPaths = (
			);
			runOnlyForDeploymentPostprocessing = 0;
			shellPath = /bin/sh;
			shellScript = "\"${SRCROOT}/Pods/Target Support Files/Pods-First AppUITests/Pods-First AppUITests-resources.sh\"\n";
			showEnvVarsInLog = 0;
		};
		AB34EF509EDBDBDF2161F799 /* [CP] Embed Pods Frameworks */ = {
			isa = PBXShellScriptBuildPhase;
			buildActionMask = 2147483647;
			files = (
			);
			inputPaths = (
			);
			name = "[CP] Embed Pods Frameworks";
			outputPaths = (
			);
			runOnlyForDeploymentPostprocessing = 0;
			shellPath = /bin/sh;
			shellScript = "\"${SRCROOT}/Pods/Target Support Files/Pods-First AppTests/Pods-First AppTests-frameworks.sh\"\n";
			showEnvVarsInLog = 0;
		};
		C04B230832576645636E924C /* [CP] Copy Pods Resources */ = {
			isa = PBXShellScriptBuildPhase;
			buildActionMask = 2147483647;
			files = (
			);
			inputPaths = (
			);
			name = "[CP] Copy Pods Resources";
			outputPaths = (
			);
			runOnlyForDeploymentPostprocessing = 0;
			shellPath = /bin/sh;
			shellScript = "\"${SRCROOT}/Pods/Target Support Files/Pods-First AppTests/Pods-First AppTests-resources.sh\"\n";
			showEnvVarsInLog = 0;
		};
/* End PBXShellScriptBuildPhase section */

/* Begin PBXSourcesBuildPhase section */
		710249311EADEABE00B872B8 /* Sources */ = {
			isa = PBXSourcesBuildPhase;
			buildActionMask = 2147483647;
			files = (
				71AAA7341EAEFBB20054933D /* Item.m in Sources */,
				713F21B81EB2D7790082E3A0 /* ItemDetailHeaderView.m in Sources */,
				7159B2AC1EB1E1FD00BE67ED /* ItemDetailTableViewCell.m in Sources */,
				710249401EADEABE00B872B8 /* ListViewController.m in Sources */,
				7154106B1EAEDC9A001D95B1 /* ItemTableViewCell.m in Sources */,
				71E278851EB82CDE002B38DD /* FullRatingTableViewCell.m in Sources */,
				7102493D1EADEABE00B872B8 /* AppDelegate.m in Sources */,
				713F21BE1EB3342A0082E3A0 /* RatingStarTableViewCell.m in Sources */,
				713F21B21EB2CDD80082E3A0 /* ItemSummaryTableViewCell.m in Sources */,
				713F21BB1EB2F54B0082E3A0 /* RatingOptionTableViewCell.m in Sources */,
				71D94F371EB1CF9E00FEA6B4 /* APIReference.m in Sources */,
				7102493A1EADEABE00B872B8 /* main.m in Sources */,
				7159B2A81EB1D9CC00BE67ED /* DetailViewController.m in Sources */,
			);
			runOnlyForDeploymentPostprocessing = 0;
		};
		7102494A1EADEABF00B872B8 /* Sources */ = {
			isa = PBXSourcesBuildPhase;
			buildActionMask = 2147483647;
			files = (
				710249531EADEABF00B872B8 /* First_AppTests.m in Sources */,
			);
			runOnlyForDeploymentPostprocessing = 0;
		};
		710249551EADEABF00B872B8 /* Sources */ = {
			isa = PBXSourcesBuildPhase;
			buildActionMask = 2147483647;
			files = (
				7102495E1EADEABF00B872B8 /* First_AppUITests.m in Sources */,
			);
			runOnlyForDeploymentPostprocessing = 0;
		};
/* End PBXSourcesBuildPhase section */

/* Begin PBXTargetDependency section */
		710249501EADEABF00B872B8 /* PBXTargetDependency */ = {
			isa = PBXTargetDependency;
			target = 710249341EADEABE00B872B8 /* First App */;
			targetProxy = 7102494F1EADEABF00B872B8 /* PBXContainerItemProxy */;
		};
		7102495B1EADEABF00B872B8 /* PBXTargetDependency */ = {
			isa = PBXTargetDependency;
			target = 710249341EADEABE00B872B8 /* First App */;
			targetProxy = 7102495A1EADEABF00B872B8 /* PBXContainerItemProxy */;
		};
/* End PBXTargetDependency section */

/* Begin PBXVariantGroup section */
		710249411EADEABF00B872B8 /* Main.storyboard */ = {
			isa = PBXVariantGroup;
			children = (
				710249421EADEABF00B872B8 /* Base */,
			);
			name = Main.storyboard;
			sourceTree = "<group>";
		};
		710249461EADEABF00B872B8 /* LaunchScreen.storyboard */ = {
			isa = PBXVariantGroup;
			children = (
				710249471EADEABF00B872B8 /* Base */,
			);
			name = LaunchScreen.storyboard;
			sourceTree = "<group>";
		};
/* End PBXVariantGroup section */

/* Begin XCBuildConfiguration section */
		710249601EADEABF00B872B8 /* Debug */ = {
			isa = XCBuildConfiguration;
			buildSettings = {
				ALWAYS_SEARCH_USER_PATHS = NO;
				CLANG_ANALYZER_NONNULL = YES;
				CLANG_ANALYZER_NUMBER_OBJECT_CONVERSION = YES_AGGRESSIVE;
				CLANG_CXX_LANGUAGE_STANDARD = "gnu++0x";
				CLANG_CXX_LIBRARY = "libc++";
				CLANG_ENABLE_MODULES = YES;
				CLANG_ENABLE_OBJC_ARC = YES;
				CLANG_WARN_BOOL_CONVERSION = YES;
				CLANG_WARN_CONSTANT_CONVERSION = YES;
				CLANG_WARN_DIRECT_OBJC_ISA_USAGE = YES_ERROR;
				CLANG_WARN_DOCUMENTATION_COMMENTS = YES;
				CLANG_WARN_EMPTY_BODY = YES;
				CLANG_WARN_ENUM_CONVERSION = YES;
				CLANG_WARN_INFINITE_RECURSION = YES;
				CLANG_WARN_INT_CONVERSION = YES;
				CLANG_WARN_OBJC_ROOT_CLASS = YES_ERROR;
				CLANG_WARN_SUSPICIOUS_MOVE = YES;
				CLANG_WARN_UNREACHABLE_CODE = YES;
				CLANG_WARN__DUPLICATE_METHOD_MATCH = YES;
				"CODE_SIGN_IDENTITY[sdk=iphoneos*]" = "iPhone Developer";
				COPY_PHASE_STRIP = NO;
				DEBUG_INFORMATION_FORMAT = dwarf;
				ENABLE_STRICT_OBJC_MSGSEND = YES;
				ENABLE_TESTABILITY = YES;
				GCC_C_LANGUAGE_STANDARD = gnu99;
				GCC_DYNAMIC_NO_PIC = NO;
				GCC_NO_COMMON_BLOCKS = YES;
				GCC_OPTIMIZATION_LEVEL = 0;
				GCC_PREPROCESSOR_DEFINITIONS = (
					"DEBUG=1",
					"$(inherited)",
				);
				GCC_WARN_64_TO_32_BIT_CONVERSION = YES;
				GCC_WARN_ABOUT_RETURN_TYPE = YES_ERROR;
				GCC_WARN_UNDECLARED_SELECTOR = YES;
				GCC_WARN_UNINITIALIZED_AUTOS = YES_AGGRESSIVE;
				GCC_WARN_UNUSED_FUNCTION = YES;
				GCC_WARN_UNUSED_VARIABLE = YES;
				IPHONEOS_DEPLOYMENT_TARGET = 10.3;
				MTL_ENABLE_DEBUG_INFO = YES;
				ONLY_ACTIVE_ARCH = YES;
				SDKROOT = iphoneos;
			};
			name = Debug;
		};
		710249611EADEABF00B872B8 /* Release */ = {
			isa = XCBuildConfiguration;
			buildSettings = {
				ALWAYS_SEARCH_USER_PATHS = NO;
				CLANG_ANALYZER_NONNULL = YES;
				CLANG_ANALYZER_NUMBER_OBJECT_CONVERSION = YES_AGGRESSIVE;
				CLANG_CXX_LANGUAGE_STANDARD = "gnu++0x";
				CLANG_CXX_LIBRARY = "libc++";
				CLANG_ENABLE_MODULES = YES;
				CLANG_ENABLE_OBJC_ARC = YES;
				CLANG_WARN_BOOL_CONVERSION = YES;
				CLANG_WARN_CONSTANT_CONVERSION = YES;
				CLANG_WARN_DIRECT_OBJC_ISA_USAGE = YES_ERROR;
				CLANG_WARN_DOCUMENTATION_COMMENTS = YES;
				CLANG_WARN_EMPTY_BODY = YES;
				CLANG_WARN_ENUM_CONVERSION = YES;
				CLANG_WARN_INFINITE_RECURSION = YES;
				CLANG_WARN_INT_CONVERSION = YES;
				CLANG_WARN_OBJC_ROOT_CLASS = YES_ERROR;
				CLANG_WARN_SUSPICIOUS_MOVE = YES;
				CLANG_WARN_UNREACHABLE_CODE = YES;
				CLANG_WARN__DUPLICATE_METHOD_MATCH = YES;
				"CODE_SIGN_IDENTITY[sdk=iphoneos*]" = "iPhone Developer";
				COPY_PHASE_STRIP = NO;
				DEBUG_INFORMATION_FORMAT = "dwarf-with-dsym";
				ENABLE_NS_ASSERTIONS = NO;
				ENABLE_STRICT_OBJC_MSGSEND = YES;
				GCC_C_LANGUAGE_STANDARD = gnu99;
				GCC_NO_COMMON_BLOCKS = YES;
				GCC_WARN_64_TO_32_BIT_CONVERSION = YES;
				GCC_WARN_ABOUT_RETURN_TYPE = YES_ERROR;
				GCC_WARN_UNDECLARED_SELECTOR = YES;
				GCC_WARN_UNINITIALIZED_AUTOS = YES_AGGRESSIVE;
				GCC_WARN_UNUSED_FUNCTION = YES;
				GCC_WARN_UNUSED_VARIABLE = YES;
				IPHONEOS_DEPLOYMENT_TARGET = 10.3;
				MTL_ENABLE_DEBUG_INFO = NO;
				SDKROOT = iphoneos;
				VALIDATE_PRODUCT = YES;
			};
			name = Release;
		};
		710249631EADEABF00B872B8 /* Debug */ = {
			isa = XCBuildConfiguration;
			baseConfigurationReference = C9497D1CC73FA9E6162C3180 /* Pods-First App.debug.xcconfig */;
			buildSettings = {
				ASSETCATALOG_COMPILER_APPICON_NAME = AppIcon;
				INFOPLIST_FILE = "First App/Info.plist";
				LD_RUNPATH_SEARCH_PATHS = "$(inherited) @executable_path/Frameworks";
				PRODUCT_BUNDLE_IDENTIFIER = "com.pixnet.First-App";
				PRODUCT_NAME = "$(TARGET_NAME)";
			};
			name = Debug;
		};
		710249641EADEABF00B872B8 /* Release */ = {
			isa = XCBuildConfiguration;
			baseConfigurationReference = 438D37B11923EAEC24BF9B27 /* Pods-First App.release.xcconfig */;
			buildSettings = {
				ASSETCATALOG_COMPILER_APPICON_NAME = AppIcon;
				INFOPLIST_FILE = "First App/Info.plist";
				LD_RUNPATH_SEARCH_PATHS = "$(inherited) @executable_path/Frameworks";
				PRODUCT_BUNDLE_IDENTIFIER = "com.pixnet.First-App";
				PRODUCT_NAME = "$(TARGET_NAME)";
			};
			name = Release;
		};
		710249661EADEABF00B872B8 /* Debug */ = {
			isa = XCBuildConfiguration;
			baseConfigurationReference = 3C5F04A829CB5AF8300A37B2 /* Pods-First AppTests.debug.xcconfig */;
			buildSettings = {
				BUNDLE_LOADER = "$(TEST_HOST)";
				INFOPLIST_FILE = "First AppTests/Info.plist";
				LD_RUNPATH_SEARCH_PATHS = "$(inherited) @executable_path/Frameworks @loader_path/Frameworks";
				PRODUCT_BUNDLE_IDENTIFIER = "com.pixnet.First-AppTests";
				PRODUCT_NAME = "$(TARGET_NAME)";
				TEST_HOST = "$(BUILT_PRODUCTS_DIR)/First App.app/First App";
			};
			name = Debug;
		};
		710249671EADEABF00B872B8 /* Release */ = {
			isa = XCBuildConfiguration;
			baseConfigurationReference = A499AA69822447A71ABE4CE1 /* Pods-First AppTests.release.xcconfig */;
			buildSettings = {
				BUNDLE_LOADER = "$(TEST_HOST)";
				INFOPLIST_FILE = "First AppTests/Info.plist";
				LD_RUNPATH_SEARCH_PATHS = "$(inherited) @executable_path/Frameworks @loader_path/Frameworks";
				PRODUCT_BUNDLE_IDENTIFIER = "com.pixnet.First-AppTests";
				PRODUCT_NAME = "$(TARGET_NAME)";
				TEST_HOST = "$(BUILT_PRODUCTS_DIR)/First App.app/First App";
			};
			name = Release;
		};
		710249691EADEABF00B872B8 /* Debug */ = {
			isa = XCBuildConfiguration;
			baseConfigurationReference = A27815480DD823DF681F9B29 /* Pods-First AppUITests.debug.xcconfig */;
			buildSettings = {
				INFOPLIST_FILE = "First AppUITests/Info.plist";
				LD_RUNPATH_SEARCH_PATHS = "$(inherited) @executable_path/Frameworks @loader_path/Frameworks";
				PRODUCT_BUNDLE_IDENTIFIER = "com.pixnet.First-AppUITests";
				PRODUCT_NAME = "$(TARGET_NAME)";
				TEST_TARGET_NAME = "First App";
			};
			name = Debug;
		};
		7102496A1EADEABF00B872B8 /* Release */ = {
			isa = XCBuildConfiguration;
			baseConfigurationReference = D2EF192D911F4CD548AAE024 /* Pods-First AppUITests.release.xcconfig */;
			buildSettings = {
				INFOPLIST_FILE = "First AppUITests/Info.plist";
				LD_RUNPATH_SEARCH_PATHS = "$(inherited) @executable_path/Frameworks @loader_path/Frameworks";
				PRODUCT_BUNDLE_IDENTIFIER = "com.pixnet.First-AppUITests";
				PRODUCT_NAME = "$(TARGET_NAME)";
				TEST_TARGET_NAME = "First App";
			};
			name = Release;
		};
/* End XCBuildConfiguration section */

/* Begin XCConfigurationList section */
		710249301EADEABE00B872B8 /* Build configuration list for PBXProject "First App" */ = {
			isa = XCConfigurationList;
			buildConfigurations = (
				710249601EADEABF00B872B8 /* Debug */,
				710249611EADEABF00B872B8 /* Release */,
			);
			defaultConfigurationIsVisible = 0;
			defaultConfigurationName = Release;
		};
		710249621EADEABF00B872B8 /* Build configuration list for PBXNativeTarget "First App" */ = {
			isa = XCConfigurationList;
			buildConfigurations = (
				710249631EADEABF00B872B8 /* Debug */,
				710249641EADEABF00B872B8 /* Release */,
			);
			defaultConfigurationIsVisible = 0;
			defaultConfigurationName = Release;
		};
		710249651EADEABF00B872B8 /* Build configuration list for PBXNativeTarget "First AppTests" */ = {
			isa = XCConfigurationList;
			buildConfigurations = (
				710249661EADEABF00B872B8 /* Debug */,
				710249671EADEABF00B872B8 /* Release */,
			);
			defaultConfigurationIsVisible = 0;
			defaultConfigurationName = Release;
		};
		710249681EADEABF00B872B8 /* Build configuration list for PBXNativeTarget "First AppUITests" */ = {
			isa = XCConfigurationList;
			buildConfigurations = (
				710249691EADEABF00B872B8 /* Debug */,
				7102496A1EADEABF00B872B8 /* Release */,
			);
			defaultConfigurationIsVisible = 0;
			defaultConfigurationName = Release;
		};
/* End XCConfigurationList section */
	};
	rootObject = 7102492D1EADEABE00B872B8 /* Project object */;
}
